{
  "nodes": {
    "ipfs-podcasting-python": {
      "flake": false,
      "locked": {
        "lastModified": 1698846948,
        "narHash": "sha256-lfH+aJAgGsIsPFTacVLQ44JBfRDtjs3uKfDbYmPSUiI=",
        "owner": "Cameron-IPFSPodcasting",
        "repo": "podcastnode-Python",
        "rev": "0f8f70771f5ff939af5fa644172db10f94988399",
        "type": "github"
      },
      "original": {
        "owner": "Cameron-IPFSPodcasting",
        "repo": "podcastnode-Python",
        "type": "github"
      }
    },
    "nixpkgs": {
      "locked": {
        "lastModified": 1698942558,
        "narHash": "sha256-/UmnB+mEd6Eg3mJBrAgqRcyZX//RSjHphcCO7Ig9Bpk=",
        "rev": "621f51253edffa1d6f08d5fce4f08614c852d17e",
        "revCount": 492069,
        "type": "tarball",
        "url": "https://api.flakehub.com/f/pinned/NixOS/nixpkgs/0.2305.492069+rev-621f51253edffa1d6f08d5fce4f08614c852d17e/018b9714-e62c-710e-98df-31e33982dabc/source.tar.gz"
      },
      "original": {
        "type": "tarball",
        "url": "https://flakehub.com/f/NixOS/nixpkgs/*.tar.gz"
      }
    },
    "root": {
      "inputs": {
        "ipfs-podcasting-python": "ipfs-podcasting-python",
        "nixpkgs": "nixpkgs"
      }
    }
  },
  "root": "root",
  "version": 7
}
